
Microsoft Visual Studio Solution File, Format Version 12.00
# Visual Studio 2012
Project("{FAE04EC0-301F-11D3-BF4B-00C04F79EFBC}") = "YAMP", "YAMP\YAMP.csproj", "{0F183B45-E213-4DB0-9734-3CE7E26EB318}"
EndProject
Project("{FAE04EC0-301F-11D3-BF4B-00C04F79EFBC}") = "YAMPCompare", "YAMPCompare\YAMPCompare.csproj", "{0E8EFCFC-EE84-4125-A801-CB436BD0C197}"
EndProject
Project("{FAE04EC0-301F-11D3-BF4B-00C04F79EFBC}") = "YAMPConsole", "YAMPConsole\YAMPConsole.csproj", "{260621E7-A5C4-4DE2-B072-3262FF241F76}"
EndProject
Project("{FAE04EC0-301F-11D3-BF4B-00C04F79EFBC}") = "Portable.YAMP", "YAMP\Portable.YAMP.csproj", "{A63FB450-11A4-4F93-A9C6-D07E16268B3F}"
EndProject
Project("{FAE04EC0-301F-11D3-BF4B-00C04F79EFBC}") = "SL.YAMP", "SL.YAMP\SL.YAMP.csproj", "{501AAC48-EE02-43A9-B9DF-3FB2838E6101}"
EndProject
Project("{FAE04EC0-301F-11D3-BF4B-00C04F79EFBC}") = "Store.Optimizer", "Store.Optimizer\Store.Optimizer.csproj", "{7A25DF95-838D-4612-A671-ED509EE7B392}"
EndProject
Project("{2150E333-8FDC-42A3-9474-1A3956D46DE8}") = ".nuget", ".nuget", "{70BEB46E-6859-4A48-AB33-10998CD1956B}"
	ProjectSection(SolutionItems) = preProject
		.nuget\NuGet.Config = .nuget\NuGet.Config
		.nuget\NuGet.exe = .nuget\NuGet.exe
		.nuget\NuGet.targets = .nuget\NuGet.targets
	EndProjectSection
EndProject
Global
	GlobalSection(SolutionConfigurationPlatforms) = preSolution
		Benchmarks|Any CPU = Benchmarks|Any CPU
		Benchmarks|ARM = Benchmarks|ARM
		Benchmarks|x64 = Benchmarks|x64
		Benchmarks|x86 = Benchmarks|x86
		Console|Any CPU = Console|Any CPU
		Console|ARM = Console|ARM
		Console|x64 = Console|x64
		Console|x86 = Console|x86
		Debug|Any CPU = Debug|Any CPU
		Debug|ARM = Debug|ARM
		Debug|x64 = Debug|x64
		Debug|x86 = Debug|x86
		Release|Any CPU = Release|Any CPU
		Release|ARM = Release|ARM
		Release|x64 = Release|x64
		Release|x86 = Release|x86
	EndGlobalSection
	GlobalSection(ProjectConfigurationPlatforms) = postSolution
		{0F183B45-E213-4DB0-9734-3CE7E26EB318}.Benchmarks|Any CPU.ActiveCfg = Benchmarks|Any CPU
		{0F183B45-E213-4DB0-9734-3CE7E26EB318}.Benchmarks|Any CPU.Build.0 = Benchmarks|Any CPU
		{0F183B45-E213-4DB0-9734-3CE7E26EB318}.Benchmarks|ARM.ActiveCfg = Benchmarks|Any CPU
		{0F183B45-E213-4DB0-9734-3CE7E26EB318}.Benchmarks|x64.ActiveCfg = Benchmarks|Any CPU
		{0F183B45-E213-4DB0-9734-3CE7E26EB318}.Benchmarks|x86.ActiveCfg = Benchmarks|Any CPU
		{0F183B45-E213-4DB0-9734-3CE7E26EB318}.Console|Any CPU.ActiveCfg = Console|Any CPU
		{0F183B45-E213-4DB0-9734-3CE7E26EB318}.Console|Any CPU.Build.0 = Console|Any CPU
		{0F183B45-E213-4DB0-9734-3CE7E26EB318}.Console|ARM.ActiveCfg = Console|Any CPU
		{0F183B45-E213-4DB0-9734-3CE7E26EB318}.Console|x64.ActiveCfg = Console|Any CPU
		{0F183B45-E213-4DB0-9734-3CE7E26EB318}.Console|x86.ActiveCfg = Console|Any CPU
		{0F183B45-E213-4DB0-9734-3CE7E26EB318}.Debug|Any CPU.ActiveCfg = Debug|Any CPU
		{0F183B45-E213-4DB0-9734-3CE7E26EB318}.Debug|Any CPU.Build.0 = Debug|Any CPU
		{0F183B45-E213-4DB0-9734-3CE7E26EB318}.Debug|ARM.ActiveCfg = Debug|Any CPU
		{0F183B45-E213-4DB0-9734-3CE7E26EB318}.Debug|x64.ActiveCfg = Debug|Any CPU
		{0F183B45-E213-4DB0-9734-3CE7E26EB318}.Debug|x86.ActiveCfg = Debug|Any CPU
		{0F183B45-E213-4DB0-9734-3CE7E26EB318}.Release|Any CPU.ActiveCfg = Release|Any CPU
		{0F183B45-E213-4DB0-9734-3CE7E26EB318}.Release|Any CPU.Build.0 = Release|Any CPU
		{0F183B45-E213-4DB0-9734-3CE7E26EB318}.Release|ARM.ActiveCfg = Release|Any CPU
		{0F183B45-E213-4DB0-9734-3CE7E26EB318}.Release|x64.ActiveCfg = Release|Any CPU
		{0F183B45-E213-4DB0-9734-3CE7E26EB318}.Release|x86.ActiveCfg = Release|Any CPU
		{0E8EFCFC-EE84-4125-A801-CB436BD0C197}.Benchmarks|Any CPU.ActiveCfg = Benchmarks|Any CPU
		{0E8EFCFC-EE84-4125-A801-CB436BD0C197}.Benchmarks|Any CPU.Build.0 = Benchmarks|Any CPU
		{0E8EFCFC-EE84-4125-A801-CB436BD0C197}.Benchmarks|ARM.ActiveCfg = Benchmarks|Any CPU
		{0E8EFCFC-EE84-4125-A801-CB436BD0C197}.Benchmarks|x64.ActiveCfg = Benchmarks|Any CPU
		{0E8EFCFC-EE84-4125-A801-CB436BD0C197}.Benchmarks|x86.ActiveCfg = Benchmarks|Any CPU
		{0E8EFCFC-EE84-4125-A801-CB436BD0C197}.Console|Any CPU.ActiveCfg = Console|Any CPU
		{0E8EFCFC-EE84-4125-A801-CB436BD0C197}.Console|Any CPU.Build.0 = Console|Any CPU
		{0E8EFCFC-EE84-4125-A801-CB436BD0C197}.Console|ARM.ActiveCfg = Console|Any CPU
		{0E8EFCFC-EE84-4125-A801-CB436BD0C197}.Console|x64.ActiveCfg = Console|Any CPU
		{0E8EFCFC-EE84-4125-A801-CB436BD0C197}.Console|x86.ActiveCfg = Console|Any CPU
		{0E8EFCFC-EE84-4125-A801-CB436BD0C197}.Debug|Any CPU.ActiveCfg = Debug|Any CPU
		{0E8EFCFC-EE84-4125-A801-CB436BD0C197}.Debug|Any CPU.Build.0 = Debug|Any CPU
		{0E8EFCFC-EE84-4125-A801-CB436BD0C197}.Debug|ARM.ActiveCfg = Debug|Any CPU
		{0E8EFCFC-EE84-4125-A801-CB436BD0C197}.Debug|x64.ActiveCfg = Debug|Any CPU
		{0E8EFCFC-EE84-4125-A801-CB436BD0C197}.Debug|x86.ActiveCfg = Debug|Any CPU
		{0E8EFCFC-EE84-4125-A801-CB436BD0C197}.Release|Any CPU.ActiveCfg = Release|Any CPU
		{0E8EFCFC-EE84-4125-A801-CB436BD0C197}.Release|Any CPU.Build.0 = Release|Any CPU
		{0E8EFCFC-EE84-4125-A801-CB436BD0C197}.Release|ARM.ActiveCfg = Release|Any CPU
		{0E8EFCFC-EE84-4125-A801-CB436BD0C197}.Release|x64.ActiveCfg = Release|Any CPU
		{0E8EFCFC-EE84-4125-A801-CB436BD0C197}.Release|x86.ActiveCfg = Release|Any CPU
		{260621E7-A5C4-4DE2-B072-3262FF241F76}.Benchmarks|Any CPU.ActiveCfg = Benchmarks|Any CPU
		{260621E7-A5C4-4DE2-B072-3262FF241F76}.Benchmarks|Any CPU.Build.0 = Benchmarks|Any CPU
		{260621E7-A5C4-4DE2-B072-3262FF241F76}.Benchmarks|ARM.ActiveCfg = Benchmarks|Any CPU
		{260621E7-A5C4-4DE2-B072-3262FF241F76}.Benchmarks|x64.ActiveCfg = Benchmarks|Any CPU
		{260621E7-A5C4-4DE2-B072-3262FF241F76}.Benchmarks|x86.ActiveCfg = Benchmarks|Any CPU
		{260621E7-A5C4-4DE2-B072-3262FF241F76}.Console|Any CPU.ActiveCfg = Console|Any CPU
		{260621E7-A5C4-4DE2-B072-3262FF241F76}.Console|Any CPU.Build.0 = Console|Any CPU
		{260621E7-A5C4-4DE2-B072-3262FF241F76}.Console|ARM.ActiveCfg = Console|Any CPU
		{260621E7-A5C4-4DE2-B072-3262FF241F76}.Console|x64.ActiveCfg = Console|Any CPU
		{260621E7-A5C4-4DE2-B072-3262FF241F76}.Console|x86.ActiveCfg = Console|Any CPU
		{260621E7-A5C4-4DE2-B072-3262FF241F76}.Debug|Any CPU.ActiveCfg = Debug|Any CPU
		{260621E7-A5C4-4DE2-B072-3262FF241F76}.Debug|Any CPU.Build.0 = Debug|Any CPU
		{260621E7-A5C4-4DE2-B072-3262FF241F76}.Debug|ARM.ActiveCfg = Debug|Any CPU
		{260621E7-A5C4-4DE2-B072-3262FF241F76}.Debug|x64.ActiveCfg = Debug|Any CPU
		{260621E7-A5C4-4DE2-B072-3262FF241F76}.Debug|x86.ActiveCfg = Debug|Any CPU
		{260621E7-A5C4-4DE2-B072-3262FF241F76}.Release|Any CPU.ActiveCfg = Release|Any CPU
		{260621E7-A5C4-4DE2-B072-3262FF241F76}.Release|Any CPU.Build.0 = Release|Any CPU
		{260621E7-A5C4-4DE2-B072-3262FF241F76}.Release|ARM.ActiveCfg = Release|Any CPU
		{260621E7-A5C4-4DE2-B072-3262FF241F76}.Release|x64.ActiveCfg = Release|Any CPU
		{260621E7-A5C4-4DE2-B072-3262FF241F76}.Release|x86.ActiveCfg = Release|Any CPU
		{A63FB450-11A4-4F93-A9C6-D07E16268B3F}.Benchmarks|Any CPU.ActiveCfg = Release|Any CPU
		{A63FB450-11A4-4F93-A9C6-D07E16268B3F}.Benchmarks|Any CPU.Build.0 = Release|Any CPU
		{A63FB450-11A4-4F93-A9C6-D07E16268B3F}.Benchmarks|ARM.ActiveCfg = Debug|Any CPU
		{A63FB450-11A4-4F93-A9C6-D07E16268B3F}.Benchmarks|x64.ActiveCfg = Debug|Any CPU
		{A63FB450-11A4-4F93-A9C6-D07E16268B3F}.Benchmarks|x86.ActiveCfg = Debug|Any CPU
		{A63FB450-11A4-4F93-A9C6-D07E16268B3F}.Console|Any CPU.ActiveCfg = Release|Any CPU
		{A63FB450-11A4-4F93-A9C6-D07E16268B3F}.Console|Any CPU.Build.0 = Release|Any CPU
		{A63FB450-11A4-4F93-A9C6-D07E16268B3F}.Console|ARM.ActiveCfg = Debug|Any CPU
		{A63FB450-11A4-4F93-A9C6-D07E16268B3F}.Console|x64.ActiveCfg = Debug|Any CPU
		{A63FB450-11A4-4F93-A9C6-D07E16268B3F}.Console|x86.ActiveCfg = Debug|Any CPU
		{A63FB450-11A4-4F93-A9C6-D07E16268B3F}.Debug|Any CPU.ActiveCfg = Debug|Any CPU
		{A63FB450-11A4-4F93-A9C6-D07E16268B3F}.Debug|Any CPU.Build.0 = Debug|Any CPU
		{A63FB450-11A4-4F93-A9C6-D07E16268B3F}.Debug|ARM.ActiveCfg = Debug|Any CPU
		{A63FB450-11A4-4F93-A9C6-D07E16268B3F}.Debug|x64.ActiveCfg = Debug|Any CPU
		{A63FB450-11A4-4F93-A9C6-D07E16268B3F}.Debug|x86.ActiveCfg = Debug|Any CPU
		{A63FB450-11A4-4F93-A9C6-D07E16268B3F}.Release|Any CPU.ActiveCfg = Release|Any CPU
		{A63FB450-11A4-4F93-A9C6-D07E16268B3F}.Release|Any CPU.Build.0 = Release|Any CPU
		{A63FB450-11A4-4F93-A9C6-D07E16268B3F}.Release|ARM.ActiveCfg = Release|Any CPU
		{A63FB450-11A4-4F93-A9C6-D07E16268B3F}.Release|x64.ActiveCfg = Release|Any CPU
		{A63FB450-11A4-4F93-A9C6-D07E16268B3F}.Release|x86.ActiveCfg = Release|Any CPU
		{501AAC48-EE02-43A9-B9DF-3FB2838E6101}.Benchmarks|Any CPU.ActiveCfg = Release|Any CPU
		{501AAC48-EE02-43A9-B9DF-3FB2838E6101}.Benchmarks|Any CPU.Build.0 = Release|Any CPU
		{501AAC48-EE02-43A9-B9DF-3FB2838E6101}.Benchmarks|ARM.ActiveCfg = Debug|Any CPU
		{501AAC48-EE02-43A9-B9DF-3FB2838E6101}.Benchmarks|x64.ActiveCfg = Debug|Any CPU
		{501AAC48-EE02-43A9-B9DF-3FB2838E6101}.Benchmarks|x86.ActiveCfg = Debug|Any CPU
		{501AAC48-EE02-43A9-B9DF-3FB2838E6101}.Console|Any CPU.ActiveCfg = Release|Any CPU
		{501AAC48-EE02-43A9-B9DF-3FB2838E6101}.Console|Any CPU.Build.0 = Release|Any CPU
		{501AAC48-EE02-43A9-B9DF-3FB2838E6101}.Console|ARM.ActiveCfg = Debug|Any CPU
		{501AAC48-EE02-43A9-B9DF-3FB2838E6101}.Console|x64.ActiveCfg = Debug|Any CPU
		{501AAC48-EE02-43A9-B9DF-3FB2838E6101}.Console|x86.ActiveCfg = Debug|Any CPU
		{501AAC48-EE02-43A9-B9DF-3FB2838E6101}.Debug|Any CPU.ActiveCfg = Debug|Any CPU
		{501AAC48-EE02-43A9-B9DF-3FB2838E6101}.Debug|Any CPU.Build.0 = Debug|Any CPU
		{501AAC48-EE02-43A9-B9DF-3FB2838E6101}.Debug|ARM.ActiveCfg = Debug|Any CPU
		{501AAC48-EE02-43A9-B9DF-3FB2838E6101}.Debug|x64.ActiveCfg = Debug|Any CPU
		{501AAC48-EE02-43A9-B9DF-3FB2838E6101}.Debug|x86.ActiveCfg = Debug|Any CPU
		{501AAC48-EE02-43A9-B9DF-3FB2838E6101}.Release|Any CPU.ActiveCfg = Release|Any CPU
		{501AAC48-EE02-43A9-B9DF-3FB2838E6101}.Release|Any CPU.Build.0 = Release|Any CPU
		{501AAC48-EE02-43A9-B9DF-3FB2838E6101}.Release|ARM.ActiveCfg = Release|Any CPU
		{501AAC48-EE02-43A9-B9DF-3FB2838E6101}.Release|x64.ActiveCfg = Release|Any CPU
		{501AAC48-EE02-43A9-B9DF-3FB2838E6101}.Release|x86.ActiveCfg = Release|Any CPU
		{7A25DF95-838D-4612-A671-ED509EE7B392}.Benchmarks|Any CPU.ActiveCfg = Release|Any CPU
		{7A25DF95-838D-4612-A671-ED509EE7B392}.Benchmarks|Any CPU.Build.0 = Release|Any CPU
		{7A25DF95-838D-4612-A671-ED509EE7B392}.Benchmarks|Any CPU.Deploy.0 = Release|Any CPU
		{7A25DF95-838D-4612-A671-ED509EE7B392}.Benchmarks|ARM.ActiveCfg = Release|ARM
		{7A25DF95-838D-4612-A671-ED509EE7B392}.Benchmarks|ARM.Build.0 = Release|ARM
		{7A25DF95-838D-4612-A671-ED509EE7B392}.Benchmarks|ARM.Deploy.0 = Release|ARM
		{7A25DF95-838D-4612-A671-ED509EE7B392}.Benchmarks|x64.ActiveCfg = Release|x64
		{7A25DF95-838D-4612-A671-ED509EE7B392}.Benchmarks|x64.Build.0 = Release|x64
		{7A25DF95-838D-4612-A671-ED509EE7B392}.Benchmarks|x64.Deploy.0 = Release|x64
		{7A25DF95-838D-4612-A671-ED509EE7B392}.Benchmarks|x86.ActiveCfg = Release|x86
		{7A25DF95-838D-4612-A671-ED509EE7B392}.Benchmarks|x86.Build.0 = Release|x86
		{7A25DF95-838D-4612-A671-ED509EE7B392}.Benchmarks|x86.Deploy.0 = Release|x86
		{7A25DF95-838D-4612-A671-ED509EE7B392}.Console|Any CPU.ActiveCfg = Release|Any CPU
		{7A25DF95-838D-4612-A671-ED509EE7B392}.Console|Any CPU.Build.0 = Release|Any CPU
		{7A25DF95-838D-4612-A671-ED509EE7B392}.Console|Any CPU.Deploy.0 = Release|Any CPU
		{7A25DF95-838D-4612-A671-ED509EE7B392}.Console|ARM.ActiveCfg = Release|ARM
		{7A25DF95-838D-4612-A671-ED509EE7B392}.Console|ARM.Build.0 = Release|ARM
		{7A25DF95-838D-4612-A671-ED509EE7B392}.Console|ARM.Deploy.0 = Release|ARM
		{7A25DF95-838D-4612-A671-ED509EE7B392}.Console|x64.ActiveCfg = Release|x64
		{7A25DF95-838D-4612-A671-ED509EE7B392}.Console|x64.Build.0 = Release|x64
		{7A25DF95-838D-4612-A671-ED509EE7B392}.Console|x64.Deploy.0 = Release|x64
		{7A25DF95-838D-4612-A671-ED509EE7B392}.Console|x86.ActiveCfg = Release|x86
		{7A25DF95-838D-4612-A671-ED509EE7B392}.Console|x86.Build.0 = Release|x86
		{7A25DF95-838D-4612-A671-ED509EE7B392}.Console|x86.Deploy.0 = Release|x86
		{7A25DF95-838D-4612-A671-ED509EE7B392}.Debug|Any CPU.ActiveCfg = Debug|Any CPU
		{7A25DF95-838D-4612-A671-ED509EE7B392}.Debug|Any CPU.Build.0 = Debug|Any CPU
		{7A25DF95-838D-4612-A671-ED509EE7B392}.Debug|Any CPU.Deploy.0 = Debug|Any CPU
		{7A25DF95-838D-4612-A671-ED509EE7B392}.Debug|ARM.ActiveCfg = Debug|ARM
		{7A25DF95-838D-4612-A671-ED509EE7B392}.Debug|ARM.Build.0 = Debug|ARM
		{7A25DF95-838D-4612-A671-ED509EE7B392}.Debug|ARM.Deploy.0 = Debug|ARM
		{7A25DF95-838D-4612-A671-ED509EE7B392}.Debug|x64.ActiveCfg = Debug|x64
		{7A25DF95-838D-4612-A671-ED509EE7B392}.Debug|x64.Build.0 = Debug|x64
		{7A25DF95-838D-4612-A671-ED509EE7B392}.Debug|x64.Deploy.0 = Debug|x64
		{7A25DF95-838D-4612-A671-ED509EE7B392}.Debug|x86.ActiveCfg = Debug|x86
		{7A25DF95-838D-4612-A671-ED509EE7B392}.Debug|x86.Build.0 = Debug|x86
		{7A25DF95-838D-4612-A671-ED509EE7B392}.Debug|x86.Deploy.0 = Debug|x86
		{7A25DF95-838D-4612-A671-ED509EE7B392}.Release|Any CPU.ActiveCfg = Release|Any CPU
		{7A25DF95-838D-4612-A671-ED509EE7B392}.Release|Any CPU.Build.0 = Release|Any CPU
		{7A25DF95-838D-4612-A671-ED509EE7B392}.Release|Any CPU.Deploy.0 = Release|Any CPU
		{7A25DF95-838D-4612-A671-ED509EE7B392}.Release|ARM.ActiveCfg = Release|ARM
		{7A25DF95-838D-4612-A671-ED509EE7B392}.Release|ARM.Build.0 = Release|ARM
		{7A25DF95-838D-4612-A671-ED509EE7B392}.Release|ARM.Deploy.0 = Release|ARM
		{7A25DF95-838D-4612-A671-ED509EE7B392}.Release|x64.ActiveCfg = Release|x64
		{7A25DF95-838D-4612-A671-ED509EE7B392}.Release|x64.Build.0 = Release|x64
		{7A25DF95-838D-4612-A671-ED509EE7B392}.Release|x64.Deploy.0 = Release|x64
		{7A25DF95-838D-4612-A671-ED509EE7B392}.Release|x86.ActiveCfg = Release|x86
		{7A25DF95-838D-4612-A671-ED509EE7B392}.Release|x86.Build.0 = Release|x86
		{7A25DF95-838D-4612-A671-ED509EE7B392}.Release|x86.Deploy.0 = Release|x86
	EndGlobalSection
	GlobalSection(SolutionProperties) = preSolution
		HideSolutionNode = FALSE
	EndGlobalSection
	GlobalSection(MonoDevelopProperties) = preSolution
		StartupItem = YAMPConsole\YAMPConsole.csproj
		Policies = $0
		$0.TextStylePolicy = $4
		$1.inheritsSet = null
		$1.scope = text/x-csharp
		$0.CSharpFormattingPolicy = $2
		$2.inheritsSet = Mono
		$2.inheritsScope = text/x-csharp
		$2.scope = text/x-csharp
		$3.FileWidth = 120
		$3.TabWidth = 4
		$3.inheritsSet = Mono
		$3.inheritsScope = text/plain
		$3.scope = text/plain
		$4.inheritsSet = null
		$4.scope = application/x-resource
		$0.StandardHeader = $5
		$5.Text = 
		$5.IncludeInNewFiles = True
		$0.DotNetNamingPolicy = $6
		$6.DirectoryNamespaceAssociation = None
		$6.ResourceNamePolicy = FileFormatDefault
		$0.VersionControlPolicy = $7
		$7.inheritsSet = Mono
		$0.ChangeLogPolicy = $8
		$8.UpdateMode = None
		$8.MessageStyle = $9
		$9.LineAlign = 0
		$8.inheritsSet = Mono
	EndGlobalSection
EndGlobal
