
Microsoft Visual Studio Solution File, Format Version 12.00
# Visual Studio 2012
Project("{FAE04EC0-301F-11D3-BF4B-00C04F79EFBC}") = "YAMP", "YAMP\YAMP.csproj", "{0F183B45-E213-4DB0-9734-3CE7E26EB318}"
EndProject
Project("{FAE04EC0-301F-11D3-BF4B-00C04F79EFBC}") = "YAMPCompare", "YAMPCompare\YAMPCompare.csproj", "{0E8EFCFC-EE84-4125-A801-CB436BD0C197}"
EndProject
Project("{FAE04EC0-301F-11D3-BF4B-00C04F79EFBC}") = "YAMPConsole", "YAMPConsole\YAMPConsole.csproj", "{260621E7-A5C4-4DE2-B072-3262FF241F76}"
EndProject
Project("{FAE04EC0-301F-11D3-BF4B-00C04F79EFBC}") = "YAMP.Physics", "YAMP.Physics\YAMP.Physics.csproj", "{149AFC43-83EF-4549-B582-92C69456E12F}"
EndProject
Project("{FAE04EC0-301F-11D3-BF4B-00C04F79EFBC}") = "YAMP.Portable", "YAMP\YAMP.Portable.csproj", "{A63FB450-11A4-4F93-A9C6-D07E16268B3F}"
EndProject
Global
	GlobalSection(SolutionConfigurationPlatforms) = preSolution
		Benchmarks|Any CPU = Benchmarks|Any CPU
		Console|Any CPU = Console|Any CPU
		Debug|Any CPU = Debug|Any CPU
		Release|Any CPU = Release|Any CPU
	EndGlobalSection
	GlobalSection(ProjectConfigurationPlatforms) = postSolution
		{0F183B45-E213-4DB0-9734-3CE7E26EB318}.Benchmarks|Any CPU.ActiveCfg = Benchmarks|Any CPU
		{0F183B45-E213-4DB0-9734-3CE7E26EB318}.Benchmarks|Any CPU.Build.0 = Benchmarks|Any CPU
		{0F183B45-E213-4DB0-9734-3CE7E26EB318}.Console|Any CPU.ActiveCfg = Console|Any CPU
		{0F183B45-E213-4DB0-9734-3CE7E26EB318}.Console|Any CPU.Build.0 = Console|Any CPU
		{0F183B45-E213-4DB0-9734-3CE7E26EB318}.Debug|Any CPU.ActiveCfg = Debug|Any CPU
		{0F183B45-E213-4DB0-9734-3CE7E26EB318}.Debug|Any CPU.Build.0 = Debug|Any CPU
		{0F183B45-E213-4DB0-9734-3CE7E26EB318}.Release|Any CPU.ActiveCfg = Release|Any CPU
		{0F183B45-E213-4DB0-9734-3CE7E26EB318}.Release|Any CPU.Build.0 = Release|Any CPU
		{0E8EFCFC-EE84-4125-A801-CB436BD0C197}.Benchmarks|Any CPU.ActiveCfg = Benchmarks|Any CPU
		{0E8EFCFC-EE84-4125-A801-CB436BD0C197}.Benchmarks|Any CPU.Build.0 = Benchmarks|Any CPU
		{0E8EFCFC-EE84-4125-A801-CB436BD0C197}.Console|Any CPU.ActiveCfg = Console|Any CPU
		{0E8EFCFC-EE84-4125-A801-CB436BD0C197}.Debug|Any CPU.ActiveCfg = Debug|Any CPU
		{0E8EFCFC-EE84-4125-A801-CB436BD0C197}.Release|Any CPU.ActiveCfg = Release|Any CPU
		{260621E7-A5C4-4DE2-B072-3262FF241F76}.Benchmarks|Any CPU.ActiveCfg = Benchmarks|Any CPU
		{260621E7-A5C4-4DE2-B072-3262FF241F76}.Benchmarks|Any CPU.Build.0 = Benchmarks|Any CPU
		{260621E7-A5C4-4DE2-B072-3262FF241F76}.Console|Any CPU.ActiveCfg = Console|Any CPU
		{260621E7-A5C4-4DE2-B072-3262FF241F76}.Console|Any CPU.Build.0 = Console|Any CPU
		{260621E7-A5C4-4DE2-B072-3262FF241F76}.Debug|Any CPU.ActiveCfg = Debug|Any CPU
		{260621E7-A5C4-4DE2-B072-3262FF241F76}.Debug|Any CPU.Build.0 = Debug|Any CPU
		{260621E7-A5C4-4DE2-B072-3262FF241F76}.Release|Any CPU.ActiveCfg = Release|Any CPU
		{260621E7-A5C4-4DE2-B072-3262FF241F76}.Release|Any CPU.Build.0 = Release|Any CPU
		{149AFC43-83EF-4549-B582-92C69456E12F}.Benchmarks|Any CPU.ActiveCfg = Release|Any CPU
		{149AFC43-83EF-4549-B582-92C69456E12F}.Console|Any CPU.ActiveCfg = Release|Any CPU
		{149AFC43-83EF-4549-B582-92C69456E12F}.Console|Any CPU.Build.0 = Release|Any CPU
		{149AFC43-83EF-4549-B582-92C69456E12F}.Debug|Any CPU.ActiveCfg = Debug|Any CPU
		{149AFC43-83EF-4549-B582-92C69456E12F}.Debug|Any CPU.Build.0 = Debug|Any CPU
		{149AFC43-83EF-4549-B582-92C69456E12F}.Release|Any CPU.ActiveCfg = Release|Any CPU
		{149AFC43-83EF-4549-B582-92C69456E12F}.Release|Any CPU.Build.0 = Release|Any CPU
		{A63FB450-11A4-4F93-A9C6-D07E16268B3F}.Benchmarks|Any CPU.ActiveCfg = Release|Any CPU
		{A63FB450-11A4-4F93-A9C6-D07E16268B3F}.Benchmarks|Any CPU.Build.0 = Release|Any CPU
		{A63FB450-11A4-4F93-A9C6-D07E16268B3F}.Console|Any CPU.ActiveCfg = Release|Any CPU
		{A63FB450-11A4-4F93-A9C6-D07E16268B3F}.Console|Any CPU.Build.0 = Release|Any CPU
		{A63FB450-11A4-4F93-A9C6-D07E16268B3F}.Debug|Any CPU.ActiveCfg = Debug|Any CPU
		{A63FB450-11A4-4F93-A9C6-D07E16268B3F}.Debug|Any CPU.Build.0 = Debug|Any CPU
		{A63FB450-11A4-4F93-A9C6-D07E16268B3F}.Release|Any CPU.ActiveCfg = Release|Any CPU
		{A63FB450-11A4-4F93-A9C6-D07E16268B3F}.Release|Any CPU.Build.0 = Release|Any CPU
	EndGlobalSection
	GlobalSection(SolutionProperties) = preSolution
		HideSolutionNode = FALSE
	EndGlobalSection
	GlobalSection(MonoDevelopProperties) = preSolution
		StartupItem = YAMPConsole\YAMPConsole.csproj
		Policies = $0
		$0.TextStylePolicy = $4
		$1.inheritsSet = null
		$1.scope = text/x-csharp
		$0.CSharpFormattingPolicy = $2
		$2.inheritsSet = Mono
		$2.inheritsScope = text/x-csharp
		$2.scope = text/x-csharp
		$3.FileWidth = 120
		$3.TabWidth = 4
		$3.inheritsSet = Mono
		$3.inheritsScope = text/plain
		$3.scope = text/plain
		$4.inheritsSet = null
		$4.scope = application/x-resource
		$0.StandardHeader = $5
		$5.Text = 
		$5.IncludeInNewFiles = True
		$0.DotNetNamingPolicy = $6
		$6.DirectoryNamespaceAssociation = None
		$6.ResourceNamePolicy = FileFormatDefault
		$0.VersionControlPolicy = $7
		$7.inheritsSet = Mono
		$0.ChangeLogPolicy = $8
		$8.UpdateMode = None
		$8.MessageStyle = $9
		$9.LineAlign = 0
		$8.inheritsSet = Mono
	EndGlobalSection
EndGlobal
