
Microsoft Visual Studio Solution File, Format Version 11.00
# Visual Studio 2010
Project("{FAE04EC0-301F-11D3-BF4B-00C04F79EFBC}") = "YAMP2010", "YAMP\YAMP.csproj", "{0F183B45-E213-4DB0-9734-3CE7E26EB318}"
EndProject
Project("{FAE04EC0-301F-11D3-BF4B-00C04F79EFBC}") = "YAMPCompare2010", "YAMPCompare\YAMPCompare.csproj", "{0E8EFCFC-EE84-4125-A801-CB436BD0C197}"
EndProject
Project("{FAE04EC0-301F-11D3-BF4B-00C04F79EFBC}") = "YAMPConsole2010", "YAMPConsole\YAMPConsole.csproj", "{260621E7-A5C4-4DE2-B072-3262FF241F76}"
EndProject
Global
	GlobalSection(SolutionConfigurationPlatforms) = preSolution
		Debug|Any CPU = Debug|Any CPU
		Release|Any CPU = Release|Any CPU
	EndGlobalSection
	GlobalSection(ProjectConfigurationPlatforms) = postSolution
		{0F183B45-E213-4DB0-9734-3CE7E26EB318}.Debug|Any CPU.ActiveCfg = Debug|Any CPU
		{0F183B45-E213-4DB0-9734-3CE7E26EB318}.Debug|Any CPU.Build.0 = Debug|Any CPU
		{0F183B45-E213-4DB0-9734-3CE7E26EB318}.Release|Any CPU.ActiveCfg = Release|Any CPU
		{0F183B45-E213-4DB0-9734-3CE7E26EB318}.Release|Any CPU.Build.0 = Release|Any CPU
		{0E8EFCFC-EE84-4125-A801-CB436BD0C197}.Debug|Any CPU.ActiveCfg = Debug|Any CPU
		{0E8EFCFC-EE84-4125-A801-CB436BD0C197}.Debug|Any CPU.Build.0 = Debug|Any CPU
		{0E8EFCFC-EE84-4125-A801-CB436BD0C197}.Release|Any CPU.ActiveCfg = Release|Any CPU
		{0E8EFCFC-EE84-4125-A801-CB436BD0C197}.Release|Any CPU.Build.0 = Release|Any CPU
		{260621E7-A5C4-4DE2-B072-3262FF241F76}.Debug|Any CPU.ActiveCfg = Debug|Any CPU
		{260621E7-A5C4-4DE2-B072-3262FF241F76}.Debug|Any CPU.Build.0 = Debug|Any CPU
		{260621E7-A5C4-4DE2-B072-3262FF241F76}.Release|Any CPU.ActiveCfg = Release|Any CPU
		{260621E7-A5C4-4DE2-B072-3262FF241F76}.Release|Any CPU.Build.0 = Release|Any CPU
	EndGlobalSection
	GlobalSection(SolutionProperties) = preSolution
		HideSolutionNode = FALSE
	EndGlobalSection
EndGlobal
